
Microsoft Visual Studio Solution File, Format Version 12.00
# Visual Studio Version 16
VisualStudioVersion = 16.0.29519.87
MinimumVisualStudioVersion = 10.0.40219.1
Project("{FAE04EC0-301F-11D3-BF4B-00C04F79EFBC}") = "BoulderDash", "BoulderDash.csproj", "{E108E762-F99D-4918-A862-D23EE50122EE}"
EndProject
Global
	GlobalSection(SolutionConfigurationPlatforms) = preSolution
		Debug|Any CPU = Debug|Any CPU
		Release|Any CPU = Release|Any CPU
	EndGlobalSection
	GlobalSection(ProjectConfigurationPlatforms) = postSolution
		{E108E762-F99D-4918-A862-D23EE50122EE}.Debug|Any CPU.ActiveCfg = Debug|Any CPU
		{E108E762-F99D-4918-A862-D23EE50122EE}.Debug|Any CPU.Build.0 = Debug|Any CPU
		{E108E762-F99D-4918-A862-D23EE50122EE}.Release|Any CPU.ActiveCfg = Release|Any CPU
		{E108E762-F99D-4918-A862-D23EE50122EE}.Release|Any CPU.Build.0 = Release|Any CPU
	EndGlobalSection
	GlobalSection(SolutionProperties) = preSolution
		HideSolutionNode = FALSE
	EndGlobalSection
	GlobalSection(ExtensibilityGlobals) = postSolution
		SolutionGuid = {C2D819F3-721B-4CBD-9810-6C87EFF3046E}
	EndGlobalSection
EndGlobal
